// !$*UTF8*$!
{
	archiveVersion = 1;
	classes = {
	};
	objectVersion = 110;
	objects = {

/* Begin PBXContainerItemProxy section */
		63DD853D30757FD3005461FD /* PBXContainerItemProxy */ = {
			isa = PBXContainerItemProxy;
			containerPortal = 63DD852730757FD0005461FD /* Project object */;
			proxyType = 1;
			remoteGlobalIDString = 63DD852E30757FD0005461FD;
			remoteInfo = CareerGrid;
		};
		63DD854730757FD3005461FD /* PBXContainerItemProxy */ = {
			isa = PBXContainerItemProxy;
			containerPortal = 63DD852730757FD0005461FD /* Project object */;
			proxyType = 1;
			remoteGlobalIDString = 63DD852E30757FD0005461FD;
			remoteInfo = CareerGrid;
		};
/* End PBXContainerItemProxy section */

/* Begin PBXFileReference section */
		63DD852F30757FD0005461FD /* CareerGrid.app */ = {isa = PBXFileReference; explicitFileType = wrapper.application; includeInIndex = 0; path = CareerGrid.app; sourceTree = BUILT_PRODUCTS_DIR; };
		63DD853C30757FD3005461FD /* CareerGridTests.xctest */ = {isa = PBXFileReference; explicitFileType = wrapper.cfbundle; includeInIndex = 0; path = CareerGridTests.xctest; sourceTree = BUILT_PRODUCTS_DIR; };
		63DD854630757FD3005461FD /* CareerGridUITests.xctest */ = {isa = PBXFileReference; explicitFileType = wrapper.cfbundle; includeInIndex = 0; path = CareerGridUITests.xctest; sourceTree = BUILT_PRODUCTS_DIR; };
/* End PBXFileReference section */

/* Begin PBXFileSystemSynchronizedRootGroup section */
		63DD853130757FD0005461FD /* CareerGrid */ = {
			isa = PBXFileSystemSynchronizedRootGroup;
			path = CareerGrid;
			sourceTree = "<group>";
		};
		63DD853F30757FD3005461FD /* CareerGridTests */ = {
			isa = PBXFileSystemSynchronizedRootGroup;
			path = CareerGridTests;
			sourceTree = "<group>";
		};
		63DD854930757FD3005461FD /* CareerGridUITests */ = {
			isa = PBXFileSystemSynchronizedRootGroup;
			path = CareerGridUITests;
			sourceTree = "<group>";
		};
/* End PBXFileSystemSynchronizedRootGroup section */

/* Begin PBXFrameworksBuildPhase section */
		63DD852C30757FD0005461FD /* Frameworks */ = {
			isa = PBXFrameworksBuildPhase;
			files = (
			);
		};
		63DD853930757FD3005461FD /* Frameworks */ = {
			isa = PBXFrameworksBuildPhase;
			files = (
			);
		};
		63DD854330757FD3005461FD /* Frameworks */ = {
			isa = PBXFrameworksBuildPhase;
			files = (
			);
		};
/* End PBXFrameworksBuildPhase section */

/* Begin PBXGroup section */
		63DD852630757FCF005461FD = {
			isa = PBXGroup;
			children = (
				63DD853130757FD0005461FD /* CareerGrid */,
				63DD853F30757FD3005461FD /* CareerGridTests */,
				63DD854930757FD3005461FD /* CareerGridUITests */,
				63DD853030757FD0005461FD /* Products */,
			);
			sourceTree = "<group>";
		};
		63DD853030757FD0005461FD /* Products */ = {
			isa = PBXGroup;
			children = (
				63DD852F30757FD0005461FD /* CareerGrid.app */,
				63DD853C30757FD3005461FD /* CareerGridTests.xctest */,
				63DD854630757FD3005461FD /* CareerGridUITests.xctest */,
			);
			name = Products;
			sourceTree = "<group>";
		};
/* End PBXGroup section */

/* Begin PBXNativeTarget section */
		63DD852E30757FD0005461FD /* CareerGrid */ = {
			isa = PBXNativeTarget;
			buildConfigurationList = 63DD854E30757FD3005461FD /* Build configuration list for PBXNativeTarget "CareerGrid" */;
			buildPhases = (
				63DD852B30757FD0005461FD /* Sources */,
				63DD852C30757FD0005461FD /* Frameworks */,
				63DD852D30757FD0005461FD /* Resources */,
			);
			buildRules = (
			);
			fileSystemSynchronizedGroups = (
				63DD853130757FD0005461FD /* CareerGrid */,
			);
			name = CareerGrid;
			productName = CareerGrid;
			productReference = 63DD852F30757FD0005461FD /* CareerGrid.app */;
			productType = "com.apple.product-type.application";
		};
		63DD853B30757FD3005461FD /* CareerGridTests */ = {
			isa = PBXNativeTarget;
			buildConfigurationList = 63DD855130757FD3005461FD /* Build configuration list for PBXNativeTarget "CareerGridTests" */;
			buildPhases = (
				63DD853830757FD3005461FD /* Sources */,
				63DD853930757FD3005461FD /* Frameworks */,
				63DD853A30757FD3005461FD /* Resources */,
			);
			buildRules = (
			);
			dependencies = (
				63DD853E30757FD3005461FD /* PBXTargetDependency */,
			);
			fileSystemSynchronizedGroups = (
				63DD853F30757FD3005461FD /* CareerGridTests */,
			);
			name = CareerGridTests;
			productName = CareerGridTests;
			productReference = 63DD853C30757FD3005461FD /* CareerGridTests.xctest */;
			productType = "com.apple.product-type.bundle.unit-test";
		};
		63DD854530757FD3005461FD /* CareerGridUITests */ = {
			isa = PBXNativeTarget;
			buildConfigurationList = 63DD855430757FD3005461FD /* Build configuration list for PBXNativeTarget "CareerGridUITests" */;
			buildPhases = (
				63DD854230757FD3005461FD /* Sources */,
				63DD854330757FD3005461FD /* Frameworks */,
				63DD854430757FD3005461FD /* Resources */,
			);
			buildRules = (
			);
			dependencies = (
				63DD854830757FD3005461FD /* PBXTargetDependency */,
			);
			fileSystemSynchronizedGroups = (
				63DD854930757FD3005461FD /* CareerGridUITests */,
			);
			name = CareerGridUITests;
			productName = CareerGridUITests;
			productReference = 63DD854630757FD3005461FD /* CareerGridUITests.xctest */;
			productType = "com.apple.product-type.bundle.ui-testing";
		};
/* End PBXNativeTarget section */

/* Begin PBXProject section */
		63DD852730757FD0005461FD /* Project object */ = {
			isa = PBXProject;
			attributes = {
				BuildIndependentTargetsInParallel = 1;
				LastSwiftUpdateCheck = 2700;
				LastUpgradeCheck = 2700;
				TargetAttributes = {
					63DD852E30757FD0005461FD = {
						CreatedOnToolsVersion = 27.0;
					};
					63DD853B30757FD3005461FD = {
						CreatedOnToolsVersion = 27.0;
						TestTargetID = 63DD852E30757FD0005461FD;
					};
					63DD854530757FD3005461FD = {
						CreatedOnToolsVersion = 27.0;
						TestTargetID = 63DD852E30757FD0005461FD;
					};
				};
			};
			buildConfigurationList = 63DD852A30757FD0005461FD /* Build configuration list for PBXProject "CareerGrid" */;
			developmentRegion = en;
			hasScannedForEncodings = 0;
			knownRegions = (
				en,
				Base,
			);
			mainGroup = 63DD852630757FCF005461FD;
			minimizedProjectReferenceProxies = 1;
			preferredProjectObjectVersion = 77;
			productRefGroup = 63DD853030757FD0005461FD /* Products */;
			projectDirPath = "";
			projectRoot = "";
			targets = (
				63DD852E30757FD0005461FD /* CareerGrid */,
				63DD853B30757FD3005461FD /* CareerGridTests */,
				63DD854530757FD3005461FD /* CareerGridUITests */,
			);
		};
/* End PBXProject section */

/* Begin PBXResourcesBuildPhase section */
		63DD852D30757FD0005461FD /* Resources */ = {
			isa = PBXResourcesBuildPhase;
			files = (
			);
		};
		63DD853A30757FD3005461FD /* Resources */ = {
			isa = PBXResourcesBuildPhase;
			files = (
			);
		};
		63DD854430757FD3005461FD /* Resources */ = {
			isa = PBXResourcesBuildPhase;
			files = (
			);
		};
/* End PBXResourcesBuildPhase section */

/* Begin PBXSourcesBuildPhase section */
		63DD852B30757FD0005461FD /* Sources */ = {
			isa = PBXSourcesBuildPhase;
			files = (
			);
		};
		63DD853830757FD3005461FD /* Sources */ = {
			isa = PBXSourcesBuildPhase;
			files = (
			);
		};
		63DD854230757FD3005461FD /* Sources */ = {
			isa = PBXSourcesBuildPhase;
			files = (
			);
		};
/* End PBXSourcesBuildPhase section */

/* Begin PBXTargetDependency section */
		63DD853E30757FD3005461FD /* PBXTargetDependency */ = {
			isa = PBXTargetDependency;
			target = 63DD852E30757FD0005461FD /* CareerGrid */;
			targetProxy = 63DD853D30757FD3005461FD /* PBXContainerItemProxy */;
		};
		63DD854830757FD3005461FD /* PBXTargetDependency */ = {
			isa = PBXTargetDependency;
			target = 63DD852E30757FD0005461FD /* CareerGrid */;
			targetProxy = 63DD854730757FD3005461FD /* PBXContainerItemProxy */;
		};
/* End PBXTargetDependency section */

/* Begin XCBuildConfiguration section */
		63DD854C30757FD3005461FD /* Debug configuration for PBXProject "CareerGrid" */ = {
			isa = XCBuildConfiguration;
			buildSettings = {
				ALWAYS_SEARCH_USER_PATHS = NO;
				ASSETCATALOG_COMPILER_GENERATE_SWIFT_ASSET_SYMBOL_EXTENSIONS = YES;
				CLANG_ANALYZER_NONNULL = YES;
				CLANG_ANALYZER_NUMBER_OBJECT_CONVERSION = YES_AGGRESSIVE;
				CLANG_CXX_LANGUAGE_STANDARD = "gnu++20";
				CLANG_ENABLE_MODULES = YES;
				CLANG_ENABLE_OBJC_ARC = YES;
				CLANG_ENABLE_OBJC_WEAK = YES;
				CLANG_WARN_BLOCK_CAPTURE_AUTORELEASING = YES;
				CLANG_WARN_BOOL_CONVERSION = YES;
				CLANG_WARN_COMMA = YES;
				CLANG_WARN_CONSTANT_CONVERSION = YES;
				CLANG_WARN_DEPRECATED_OBJC_IMPLEMENTATIONS = YES;
				CLANG_WARN_DIRECT_OBJC_ISA_USAGE = YES_ERROR;
				CLANG_WARN_DOCUMENTATION_COMMENTS = YES;
				CLANG_WARN_EMPTY_BODY = YES;
				CLANG_WARN_ENUM_CONVERSION = YES;
				CLANG_WARN_INFINITE_RECURSION = YES;
				CLANG_WARN_INT_CONVERSION = YES;
				CLANG_WARN_NON_LITERAL_NULL_CONVERSION = YES;
				CLANG_WARN_OBJC_IMPLICIT_RETAIN_SELF = YES;
				CLANG_WARN_OBJC_LITERAL_CONVERSION = YES;
				CLANG_WARN_OBJC_ROOT_CLASS = YES_ERROR;
				CLANG_WARN_QUOTED_INCLUDE_IN_FRAMEWORK_HEADER = YES;
				CLANG_WARN_RANGE_LOOP_ANALYSIS = YES;
				CLANG_WARN_STRICT_PROTOTYPES = YES;
				CLANG_WARN_SUSPICIOUS_MOVE = YES;
				CLANG_WARN_UNGUARDED_AVAILABILITY = YES_AGGRESSIVE;
				CLANG_WARN_UNREACHABLE_CODE = YES;
				CLANG_WARN__DUPLICATE_METHOD_MATCH = YES;
				COPY_PHASE_STRIP = NO;
				DEBUG_INFORMATION_FORMAT = dwarf;
				ENABLE_STRICT_OBJC_MSGSEND = YES;
				ENABLE_TESTABILITY = YES;
				ENABLE_USER_SCRIPT_SANDBOXING = YES;
				GCC_C_LANGUAGE_STANDARD = gnu17;
				GCC_DYNAMIC_NO_PIC = NO;
				GCC_NO_COMMON_BLOCKS = YES;
				GCC_OPTIMIZATION_LEVEL = 0;
				GCC_PREPROCESSOR_DEFINITIONS = (
					"DEBUG=1",
					"$(inherited)",
				);
				GCC_WARN_64_TO_32_BIT_CONVERSION = YES;
				GCC_WARN_ABOUT_RETURN_TYPE = YES_ERROR;
				GCC_WARN_UNDECLARED_SELECTOR = YES;
				GCC_WARN_UNINITIALIZED_AUTOS = YES_AGGRESSIVE;
				GCC_WARN_UNUSED_FUNCTION = YES;
				GCC_WARN_UNUSED_VARIABLE = YES;
				IPHONEOS_DEPLOYMENT_TARGET = 27.0;
				LOCALIZATION_PREFERS_STRING_CATALOGS = YES;
				MTL_ENABLE_DEBUG_INFO = INCLUDE_SOURCE;
				MTL_FAST_MATH = YES;
				ONLY_ACTIVE_ARCH = YES;
				SDKROOT = iphoneos;
				SWIFT_ACTIVE_COMPILATION_CONDITIONS = "DEBUG $(inherited)";
				SWIFT_OPTIMIZATION_LEVEL = "-Onone";
			};
			name = Debug;
		};
		63DD854D30757FD3005461FD /* Release configuration for PBXProject "CareerGrid" */ = {
			isa = XCBuildConfiguration;
			buildSettings = {
				ALWAYS_SEARCH_USER_PATHS = NO;
				ASSETCATALOG_COMPILER_GENERATE_SWIFT_ASSET_SYMBOL_EXTENSIONS = YES;
				CLANG_ANALYZER_NONNULL = YES;
				CLANG_ANALYZER_NUMBER_OBJECT_CONVERSION = YES_AGGRESSIVE;
				CLANG_CXX_LANGUAGE_STANDARD = "gnu++20";
				CLANG_ENABLE_MODULES = YES;
				CLANG_ENABLE_OBJC_ARC = YES;
				CLANG_ENABLE_OBJC_WEAK = YES;
				CLANG_WARN_BLOCK_CAPTURE_AUTORELEASING = YES;
				CLANG_WARN_BOOL_CONVERSION = YES;
				CLANG_WARN_COMMA = YES;
				CLANG_WARN_CONSTANT_CONVERSION = YES;
				CLANG_WARN_DEPRECATED_OBJC_IMPLEMENTATIONS = YES;
				CLANG_WARN_DIRECT_OBJC_ISA_USAGE = YES_ERROR;
				CLANG_WARN_DOCUMENTATION_COMMENTS = YES;
				CLANG_WARN_EMPTY_BODY = YES;
				CLANG_WARN_ENUM_CONVERSION = YES;
				CLANG_WARN_INFINITE_RECURSION = YES;
				CLANG_WARN_INT_CONVERSION = YES;
				CLANG_WARN_NON_LITERAL_NULL_CONVERSION = YES;
				CLANG_WARN_OBJC_IMPLICIT_RETAIN_SELF = YES;
				CLANG_WARN_OBJC_LITERAL_CONVERSION = YES;
				CLANG_WARN_OBJC_ROOT_CLASS = YES_ERROR;
				CLANG_WARN_QUOTED_INCLUDE_IN_FRAMEWORK_HEADER = YES;
				CLANG_WARN_RANGE_LOOP_ANALYSIS = YES;
				CLANG_WARN_STRICT_PROTOTYPES = YES;
				CLANG_WARN_SUSPICIOUS_MOVE = YES;
				CLANG_WARN_UNGUARDED_AVAILABILITY = YES_AGGRESSIVE;
				CLANG_WARN_UNREACHABLE_CODE = YES;
				CLANG_WARN__DUPLICATE_METHOD_MATCH = YES;
				COPY_PHASE_STRIP = NO;
				DEBUG_INFORMATION_FORMAT = "dwarf-with-dsym";
				ENABLE_NS_ASSERTIONS = NO;
				ENABLE_STRICT_OBJC_MSGSEND = YES;
				ENABLE_USER_SCRIPT_SANDBOXING = YES;
				GCC_C_LANGUAGE_STANDARD = gnu17;
				GCC_NO_COMMON_BLOCKS = YES;
				GCC_WARN_64_TO_32_BIT_CONVERSION = YES;
				GCC_WARN_ABOUT_RETURN_TYPE = YES_ERROR;
				GCC_WARN_UNDECLARED_SELECTOR = YES;
				GCC_WARN_UNINITIALIZED_AUTOS = YES_AGGRESSIVE;
				GCC_WARN_UNUSED_FUNCTION = YES;
				GCC_WARN_UNUSED_VARIABLE = YES;
				IPHONEOS_DEPLOYMENT_TARGET = 27.0;
				LOCALIZATION_PREFERS_STRING_CATALOGS = YES;
				MTL_ENABLE_DEBUG_INFO = NO;
				MTL_FAST_MATH = YES;
				SDKROOT = iphoneos;
				SWIFT_COMPILATION_MODE = wholemodule;
				VALIDATE_PRODUCT = YES;
			};
			name = Release;
		};
		63DD854F30757FD3005461FD /* Debug configuration for PBXNativeTarget "CareerGrid" */ = {
			isa = XCBuildConfiguration;
			buildSettings = {
				ASSETCATALOG_COMPILER_APPICON_NAME = AppIcon;
				ASSETCATALOG_COMPILER_GLOBAL_ACCENT_COLOR_NAME = AccentColor;
				CODE_SIGN_STYLE = Automatic;
				CURRENT_PROJECT_VERSION = 1;
				ENABLE_PREVIEWS = YES;
				GENERATE_INFOPLIST_FILE = YES;
				INFOPLIST_KEY_UIApplicationSceneManifest_Generation = YES;
				INFOPLIST_KEY_UIApplicationSupportsIndirectInputEvents = YES;
				INFOPLIST_KEY_UILaunchScreen_Generation = YES;
				INFOPLIST_KEY_UISupportedInterfaceOrientations_iPad = "UIInterfaceOrientationPortrait UIInterfaceOrientationPortraitUpsideDown UIInterfaceOrientationLandscapeLeft UIInterfaceOrientationLandscapeRight";
				INFOPLIST_KEY_UISupportedInterfaceOrientations_iPhone = "UIInterfaceOrientationPortrait UIInterfaceOrientationLandscapeLeft UIInterfaceOrientationLandscapeRight";
				LD_RUNPATH_SEARCH_PATHS = (
					"$(inherited)",
					"@executable_path/Frameworks",
				);
				MARKETING_VERSION = 1.0;
				PRODUCT_BUNDLE_IDENTIFIER = com.example.CareerGrid;
				PRODUCT_NAME = "$(TARGET_NAME)";
				STRING_CATALOG_GENERATE_SYMBOLS = YES;
				SWIFT_APPROACHABLE_CONCURRENCY = YES;
				SWIFT_DEFAULT_ACTOR_ISOLATION = MainActor;
				SWIFT_EMIT_LOC_STRINGS = YES;
				SWIFT_UPCOMING_FEATURE_MEMBER_IMPORT_VISIBILITY = YES;
				SWIFT_VERSION = 5.0;
				TARGETED_DEVICE_FAMILY = "1,2";
			};
			name = Debug;
		};
		63DD855030757FD3005461FD /* Release configuration for PBXNativeTarget "CareerGrid" */ = {
			isa = XCBuildConfiguration;
			buildSettings = {
				ASSETCATALOG_COMPILER_APPICON_NAME = AppIcon;
				ASSETCATALOG_COMPILER_GLOBAL_ACCENT_COLOR_NAME = AccentColor;
				CODE_SIGN_STYLE = Automatic;
				CURRENT_PROJECT_VERSION = 1;
				ENABLE_PREVIEWS = YES;
				GENERATE_INFOPLIST_FILE = YES;
				INFOPLIST_KEY_UIApplicationSceneManifest_Generation = YES;
				INFOPLIST_KEY_UIApplicationSupportsIndirectInputEvents = YES;
				INFOPLIST_KEY_UILaunchScreen_Generation = YES;
				INFOPLIST_KEY_UISupportedInterfaceOrientations_iPad = "UIInterfaceOrientationPortrait UIInterfaceOrientationPortraitUpsideDown UIInterfaceOrientationLandscapeLeft UIInterfaceOrientationLandscapeRight";
				INFOPLIST_KEY_UISupportedInterfaceOrientations_iPhone = "UIInterfaceOrientationPortrait UIInterfaceOrientationLandscapeLeft UIInterfaceOrientationLandscapeRight";
				LD_RUNPATH_SEARCH_PATHS = (
					"$(inherited)",
					"@executable_path/Frameworks",
				);
				MARKETING_VERSION = 1.0;
				PRODUCT_BUNDLE_IDENTIFIER = com.example.CareerGrid;
				PRODUCT_NAME = "$(TARGET_NAME)";
				STRING_CATALOG_GENERATE_SYMBOLS = YES;
				SWIFT_APPROACHABLE_CONCURRENCY = YES;
				SWIFT_DEFAULT_ACTOR_ISOLATION = MainActor;
				SWIFT_EMIT_LOC_STRINGS = YES;
				SWIFT_UPCOMING_FEATURE_MEMBER_IMPORT_VISIBILITY = YES;
				SWIFT_VERSION = 5.0;
				TARGETED_DEVICE_FAMILY = "1,2";
			};
			name = Release;
		};
		63DD855230757FD3005461FD /* Debug configuration for PBXNativeTarget "CareerGridTests" */ = {
			isa = XCBuildConfiguration;
			buildSettings = {
				BUNDLE_LOADER = "$(TEST_HOST)";
				CODE_SIGN_STYLE = Automatic;
				CURRENT_PROJECT_VERSION = 1;
				GENERATE_INFOPLIST_FILE = YES;
				IPHONEOS_DEPLOYMENT_TARGET = 27.0;
				MARKETING_VERSION = 1.0;
				PRODUCT_BUNDLE_IDENTIFIER = com.example.CareerGridTests;
				PRODUCT_NAME = "$(TARGET_NAME)";
				STRING_CATALOG_GENERATE_SYMBOLS = NO;
				SWIFT_APPROACHABLE_CONCURRENCY = YES;
				SWIFT_EMIT_LOC_STRINGS = NO;
				SWIFT_UPCOMING_FEATURE_MEMBER_IMPORT_VISIBILITY = YES;
				SWIFT_VERSION = 5.0;
				TARGETED_DEVICE_FAMILY = "1,2";
				TEST_HOST = "$(BUILT_PRODUCTS_DIR)/CareerGrid.app/$(BUNDLE_EXECUTABLE_FOLDER_PATH)/CareerGrid";
			};
			name = Debug;
		};
		63DD855330757FD3005461FD /* Release configuration for PBXNativeTarget "CareerGridTests" */ = {
			isa = XCBuildConfiguration;
			buildSettings = {
				BUNDLE_LOADER = "$(TEST_HOST)";
				CODE_SIGN_STYLE = Automatic;
				CURRENT_PROJECT_VERSION = 1;
				GENERATE_INFOPLIST_FILE = YES;
				IPHONEOS_DEPLOYMENT_TARGET = 27.0;
				MARKETING_VERSION = 1.0;
				PRODUCT_BUNDLE_IDENTIFIER = com.example.CareerGridTests;
				PRODUCT_NAME = "$(TARGET_NAME)";
				STRING_CATALOG_GENERATE_SYMBOLS = NO;
				SWIFT_APPROACHABLE_CONCURRENCY = YES;
				SWIFT_EMIT_LOC_STRINGS = NO;
				SWIFT_UPCOMING_FEATURE_MEMBER_IMPORT_VISIBILITY = YES;
				SWIFT_VERSION = 5.0;
				TARGETED_DEVICE_FAMILY = "1,2";
				TEST_HOST = "$(BUILT_PRODUCTS_DIR)/CareerGrid.app/$(BUNDLE_EXECUTABLE_FOLDER_PATH)/CareerGrid";
			};
			name = Release;
		};
		63DD855530757FD3005461FD /* Debug configuration for PBXNativeTarget "CareerGridUITests" */ = {
			isa = XCBuildConfiguration;
			buildSettings = {
				CODE_SIGN_STYLE = Automatic;
				CURRENT_PROJECT_VERSION = 1;
				GENERATE_INFOPLIST_FILE = YES;
				MARKETING_VERSION = 1.0;
				PRODUCT_BUNDLE_IDENTIFIER = com.example.CareerGridUITests;
				PRODUCT_NAME = "$(TARGET_NAME)";
				STRING_CATALOG_GENERATE_SYMBOLS = NO;
				SWIFT_APPROACHABLE_CONCURRENCY = YES;
				SWIFT_EMIT_LOC_STRINGS = NO;
				SWIFT_UPCOMING_FEATURE_MEMBER_IMPORT_VISIBILITY = YES;
				SWIFT_VERSION = 5.0;
				TARGETED_DEVICE_FAMILY = "1,2";
				TEST_TARGET_NAME = CareerGrid;
			};
			name = Debug;
		};
		63DD855630757FD3005461FD /* Release configuration for PBXNativeTarget "CareerGridUITests" */ = {
			isa = XCBuildConfiguration;
			buildSettings = {
				CODE_SIGN_STYLE = Automatic;
				CURRENT_PROJECT_VERSION = 1;
				GENERATE_INFOPLIST_FILE = YES;
				MARKETING_VERSION = 1.0;
				PRODUCT_BUNDLE_IDENTIFIER = com.example.CareerGridUITests;
				PRODUCT_NAME = "$(TARGET_NAME)";
				STRING_CATALOG_GENERATE_SYMBOLS = NO;
				SWIFT_APPROACHABLE_CONCURRENCY = YES;
				SWIFT_EMIT_LOC_STRINGS = NO;
				SWIFT_UPCOMING_FEATURE_MEMBER_IMPORT_VISIBILITY = YES;
				SWIFT_VERSION = 5.0;
				TARGETED_DEVICE_FAMILY = "1,2";
				TEST_TARGET_NAME = CareerGrid;
			};
			name = Release;
		};
/* End XCBuildConfiguration section */

/* Begin XCConfigurationList section */
		63DD852A30757FD0005461FD /* Build configuration list for PBXProject "CareerGrid" */ = {
			isa = XCConfigurationList;
			buildConfigurations = (
				63DD854C30757FD3005461FD /* Debug configuration for PBXProject "CareerGrid" */,
				63DD854D30757FD3005461FD /* Release configuration for PBXProject "CareerGrid" */,
			);
			defaultConfigurationName = Release;
		};
		63DD854E30757FD3005461FD /* Build configuration list for PBXNativeTarget "CareerGrid" */ = {
			isa = XCConfigurationList;
			buildConfigurations = (
				63DD854F30757FD3005461FD /* Debug configuration for PBXNativeTarget "CareerGrid" */,
				63DD855030757FD3005461FD /* Release configuration for PBXNativeTarget "CareerGrid" */,
			);
			defaultConfigurationName = Release;
		};
		63DD855130757FD3005461FD /* Build configuration list for PBXNativeTarget "CareerGridTests" */ = {
			isa = XCConfigurationList;
			buildConfigurations = (
				63DD855230757FD3005461FD /* Debug configuration for PBXNativeTarget "CareerGridTests" */,
				63DD855330757FD3005461FD /* Release configuration for PBXNativeTarget "CareerGridTests" */,
			);
			defaultConfigurationName = Release;
		};
		63DD855430757FD3005461FD /* Build configuration list for PBXNativeTarget "CareerGridUITests" */ = {
			isa = XCConfigurationList;
			buildConfigurations = (
				63DD855530757FD3005461FD /* Debug configuration for PBXNativeTarget "CareerGridUITests" */,
				63DD855630757FD3005461FD /* Release configuration for PBXNativeTarget "CareerGridUITests" */,
			);
			defaultConfigurationName = Release;
		};
/* End XCConfigurationList section */
	};
	rootObject = 63DD852730757FD0005461FD /* Project object */;
	validationLevel = 1;
}
